# Latest stable release tags pinned while OMG final PDFs are pending.
# Specifications were formally adopted on 2025-06-30; pin to avoid churn as final PDFs may still be published later in 2025.
SysML-v2-Release: 2025-07
SysML-v2-API-Services: 2025-07
SysML-v2-Pilot-Implementation: 2025-07

# Optional fork overrides allow downstream consumers to pin a forked repository
# instead of the upstream Systems-Modeling organization. Specify entries using
# the format `<component>@fork=<owner>/<repo>@<commitish>`.
# Example:
# SysML-v2-API-Services@fork=Systems-Modeling/SysML-v2-API-Services@2025-07
